// !$*UTF8*$!
{
	archiveVersion = 1;
	classes = {
	};
	objectVersion = 50;
	objects = {

/* Begin PBXBuildFile section */
		E98AFF1A25CCA34C0068BDD4 /* AppDelegate.swift in Sources */ = {isa = PBXBuildFile; fileRef = E98AFF1925CCA34C0068BDD4 /* AppDelegate.swift */; };
		E98AFF1C25CCA34C0068BDD4 /* SceneDelegate.swift in Sources */ = {isa = PBXBuildFile; fileRef = E98AFF1B25CCA34C0068BDD4 /* SceneDelegate.swift */; };
		E98AFF2125CCA34C0068BDD4 /* Main.storyboard in Resources */ = {isa = PBXBuildFile; fileRef = E98AFF1F25CCA34C0068BDD4 /* Main.storyboard */; };
		E98AFF2425CCA34C0068BDD4 /* Pokedex.xcdatamodeld in Sources */ = {isa = PBXBuildFile; fileRef = E98AFF2225CCA34C0068BDD4 /* Pokedex.xcdatamodeld */; };
		E98AFF2625CCA34F0068BDD4 /* Assets.xcassets in Resources */ = {isa = PBXBuildFile; fileRef = E98AFF2525CCA34F0068BDD4 /* Assets.xcassets */; };
		E98AFF2925CCA34F0068BDD4 /* LaunchScreen.storyboard in Resources */ = {isa = PBXBuildFile; fileRef = E98AFF2725CCA34F0068BDD4 /* LaunchScreen.storyboard */; };
		E98AFF3425CCA3500068BDD4 /* PokedexTests.swift in Sources */ = {isa = PBXBuildFile; fileRef = E98AFF3325CCA3500068BDD4 /* PokedexTests.swift */; };
		E98AFF3F25CCA3500068BDD4 /* PokedexUITests.swift in Sources */ = {isa = PBXBuildFile; fileRef = E98AFF3E25CCA3500068BDD4 /* PokedexUITests.swift */; };
		E98AFF5B25CCA6290068BDD4 /* PokemonListViewController.swift in Sources */ = {isa = PBXBuildFile; fileRef = E98AFF5A25CCA6290068BDD4 /* PokemonListViewController.swift */; };
		E98AFF6025CCA75B0068BDD4 /* PokemonListController.swift in Sources */ = {isa = PBXBuildFile; fileRef = E98AFF5F25CCA75B0068BDD4 /* PokemonListController.swift */; };
		E98AFF6D25CCA7E60068BDD4 /* PokemonDetailViewController.swift in Sources */ = {isa = PBXBuildFile; fileRef = E98AFF6C25CCA7E60068BDD4 /* PokemonDetailViewController.swift */; };
		E98AFF7225CCA8530068BDD4 /* PokemonTableViewCell.swift in Sources */ = {isa = PBXBuildFile; fileRef = E98AFF7125CCA8530068BDD4 /* PokemonTableViewCell.swift */; };
		E98AFF7725CCA8B90068BDD4 /* PokemonNameTableViewCell.swift in Sources */ = {isa = PBXBuildFile; fileRef = E98AFF7625CCA8B90068BDD4 /* PokemonNameTableViewCell.swift */; };
		E98AFF7C25CCA8E80068BDD4 /* PokemonTypeTableViewCell.swift in Sources */ = {isa = PBXBuildFile; fileRef = E98AFF7B25CCA8E80068BDD4 /* PokemonTypeTableViewCell.swift */; };
		E98AFF8125CCA9120068BDD4 /* DataLoader.swift in Sources */ = {isa = PBXBuildFile; fileRef = E98AFF8025CCA9120068BDD4 /* DataLoader.swift */; };
		E98AFF8625CCA9480068BDD4 /* PokemonOperations.swift in Sources */ = {isa = PBXBuildFile; fileRef = E98AFF8525CCA9480068BDD4 /* PokemonOperations.swift */; };
		E98AFF8B25CCA98A0068BDD4 /* Pokemon.swift in Sources */ = {isa = PBXBuildFile; fileRef = E98AFF8A25CCA98A0068BDD4 /* Pokemon.swift */; };
		E98AFF9025CCA9B00068BDD4 /* Pokemons.swift in Sources */ = {isa = PBXBuildFile; fileRef = E98AFF8F25CCA9B00068BDD4 /* Pokemons.swift */; };
		E98AFF9525CCA9D40068BDD4 /* PokemonType.swift in Sources */ = {isa = PBXBuildFile; fileRef = E98AFF9425CCA9D40068BDD4 /* PokemonType.swift */; };
		E98AFF9A25CCA9ED0068BDD4 /* PokemonMove.swift in Sources */ = {isa = PBXBuildFile; fileRef = E98AFF9925CCA9ED0068BDD4 /* PokemonMove.swift */; };
/* End PBXBuildFile section */

/* Begin PBXContainerItemProxy section */
		E98AFF3025CCA3500068BDD4 /* PBXContainerItemProxy */ = {
			isa = PBXContainerItemProxy;
			containerPortal = E98AFF0E25CCA34C0068BDD4 /* Project object */;
			proxyType = 1;
			remoteGlobalIDString = E98AFF1525CCA34C0068BDD4;
			remoteInfo = Pokedex;
		};
		E98AFF3B25CCA3500068BDD4 /* PBXContainerItemProxy */ = {
			isa = PBXContainerItemProxy;
			containerPortal = E98AFF0E25CCA34C0068BDD4 /* Project object */;
			proxyType = 1;
			remoteGlobalIDString = E98AFF1525CCA34C0068BDD4;
			remoteInfo = Pokedex;
		};
/* End PBXContainerItemProxy section */

/* Begin PBXFileReference section */
		E98AFF1625CCA34C0068BDD4 /* Pokedex.app */ = {isa = PBXFileReference; explicitFileType = wrapper.application; includeInIndex = 0; path = Pokedex.app; sourceTree = BUILT_PRODUCTS_DIR; };
		E98AFF1925CCA34C0068BDD4 /* AppDelegate.swift */ = {isa = PBXFileReference; lastKnownFileType = sourcecode.swift; path = AppDelegate.swift; sourceTree = "<group>"; };
		E98AFF1B25CCA34C0068BDD4 /* SceneDelegate.swift */ = {isa = PBXFileReference; lastKnownFileType = sourcecode.swift; path = SceneDelegate.swift; sourceTree = "<group>"; };
		E98AFF2025CCA34C0068BDD4 /* Base */ = {isa = PBXFileReference; lastKnownFileType = file.storyboard; name = Base; path = Base.lproj/Main.storyboard; sourceTree = "<group>"; };
		E98AFF2325CCA34C0068BDD4 /* Pokedex.xcdatamodel */ = {isa = PBXFileReference; lastKnownFileType = wrapper.xcdatamodel; path = Pokedex.xcdatamodel; sourceTree = "<group>"; };
		E98AFF2525CCA34F0068BDD4 /* Assets.xcassets */ = {isa = PBXFileReference; lastKnownFileType = folder.assetcatalog; path = Assets.xcassets; sourceTree = "<group>"; };
		E98AFF2825CCA34F0068BDD4 /* Base */ = {isa = PBXFileReference; lastKnownFileType = file.storyboard; name = Base; path = Base.lproj/LaunchScreen.storyboard; sourceTree = "<group>"; };
		E98AFF2A25CCA3500068BDD4 /* Info.plist */ = {isa = PBXFileReference; lastKnownFileType = text.plist.xml; path = Info.plist; sourceTree = "<group>"; };
		E98AFF2F25CCA3500068BDD4 /* PokedexTests.xctest */ = {isa = PBXFileReference; explicitFileType = wrapper.cfbundle; includeInIndex = 0; path = PokedexTests.xctest; sourceTree = BUILT_PRODUCTS_DIR; };
		E98AFF3325CCA3500068BDD4 /* PokedexTests.swift */ = {isa = PBXFileReference; lastKnownFileType = sourcecode.swift; path = PokedexTests.swift; sourceTree = "<group>"; };
		E98AFF3525CCA3500068BDD4 /* Info.plist */ = {isa = PBXFileReference; lastKnownFileType = text.plist.xml; path = Info.plist; sourceTree = "<group>"; };
		E98AFF3A25CCA3500068BDD4 /* PokedexUITests.xctest */ = {isa = PBXFileReference; explicitFileType = wrapper.cfbundle; includeInIndex = 0; path = PokedexUITests.xctest; sourceTree = BUILT_PRODUCTS_DIR; };
		E98AFF3E25CCA3500068BDD4 /* PokedexUITests.swift */ = {isa = PBXFileReference; lastKnownFileType = sourcecode.swift; path = PokedexUITests.swift; sourceTree = "<group>"; };
		E98AFF4025CCA3500068BDD4 /* Info.plist */ = {isa = PBXFileReference; lastKnownFileType = text.plist.xml; path = Info.plist; sourceTree = "<group>"; };
		E98AFF5A25CCA6290068BDD4 /* PokemonListViewController.swift */ = {isa = PBXFileReference; lastKnownFileType = sourcecode.swift; path = PokemonListViewController.swift; sourceTree = "<group>"; };
		E98AFF5F25CCA75B0068BDD4 /* PokemonListController.swift */ = {isa = PBXFileReference; lastKnownFileType = sourcecode.swift; path = PokemonListController.swift; sourceTree = "<group>"; };
		E98AFF6C25CCA7E60068BDD4 /* PokemonDetailViewController.swift */ = {isa = PBXFileReference; lastKnownFileType = sourcecode.swift; path = PokemonDetailViewController.swift; sourceTree = "<group>"; };
		E98AFF7125CCA8530068BDD4 /* PokemonTableViewCell.swift */ = {isa = PBXFileReference; lastKnownFileType = sourcecode.swift; path = PokemonTableViewCell.swift; sourceTree = "<group>"; };
		E98AFF7625CCA8B90068BDD4 /* PokemonNameTableViewCell.swift */ = {isa = PBXFileReference; lastKnownFileType = sourcecode.swift; path = PokemonNameTableViewCell.swift; sourceTree = "<group>"; };
		E98AFF7B25CCA8E80068BDD4 /* PokemonTypeTableViewCell.swift */ = {isa = PBXFileReference; lastKnownFileType = sourcecode.swift; path = PokemonTypeTableViewCell.swift; sourceTree = "<group>"; };
		E98AFF8025CCA9120068BDD4 /* DataLoader.swift */ = {isa = PBXFileReference; lastKnownFileType = sourcecode.swift; path = DataLoader.swift; sourceTree = "<group>"; };
		E98AFF8525CCA9480068BDD4 /* PokemonOperations.swift */ = {isa = PBXFileReference; lastKnownFileType = sourcecode.swift; path = PokemonOperations.swift; sourceTree = "<group>"; };
		E98AFF8A25CCA98A0068BDD4 /* Pokemon.swift */ = {isa = PBXFileReference; lastKnownFileType = sourcecode.swift; path = Pokemon.swift; sourceTree = "<group>"; };
		E98AFF8F25CCA9B00068BDD4 /* Pokemons.swift */ = {isa = PBXFileReference; lastKnownFileType = sourcecode.swift; path = Pokemons.swift; sourceTree = "<group>"; };
		E98AFF9425CCA9D40068BDD4 /* PokemonType.swift */ = {isa = PBXFileReference; lastKnownFileType = sourcecode.swift; path = PokemonType.swift; sourceTree = "<group>"; };
		E98AFF9925CCA9ED0068BDD4 /* PokemonMove.swift */ = {isa = PBXFileReference; lastKnownFileType = sourcecode.swift; path = PokemonMove.swift; sourceTree = "<group>"; };
/* End PBXFileReference section */

/* Begin PBXFrameworksBuildPhase section */
		E98AFF1325CCA34C0068BDD4 /* Frameworks */ = {
			isa = PBXFrameworksBuildPhase;
			buildActionMask = 2147483647;
			files = (
			);
			runOnlyForDeploymentPostprocessing = 0;
		};
		E98AFF2C25CCA3500068BDD4 /* Frameworks */ = {
			isa = PBXFrameworksBuildPhase;
			buildActionMask = 2147483647;
			files = (
			);
			runOnlyForDeploymentPostprocessing = 0;
		};
		E98AFF3725CCA3500068BDD4 /* Frameworks */ = {
			isa = PBXFrameworksBuildPhase;
			buildActionMask = 2147483647;
			files = (
			);
			runOnlyForDeploymentPostprocessing = 0;
		};
/* End PBXFrameworksBuildPhase section */

/* Begin PBXGroup section */
		E98AFF0D25CCA34C0068BDD4 = {
			isa = PBXGroup;
			children = (
				E98AFF1825CCA34C0068BDD4 /* Pokedex */,
				E98AFF3225CCA3500068BDD4 /* PokedexTests */,
				E98AFF3D25CCA3500068BDD4 /* PokedexUITests */,
				E98AFF1725CCA34C0068BDD4 /* Products */,
			);
			sourceTree = "<group>";
		};
		E98AFF1725CCA34C0068BDD4 /* Products */ = {
			isa = PBXGroup;
			children = (
				E98AFF1625CCA34C0068BDD4 /* Pokedex.app */,
				E98AFF2F25CCA3500068BDD4 /* PokedexTests.xctest */,
				E98AFF3A25CCA3500068BDD4 /* PokedexUITests.xctest */,
			);
			name = Products;
			sourceTree = "<group>";
		};
		E98AFF1825CCA34C0068BDD4 /* Pokedex */ = {
			isa = PBXGroup;
			children = (
				E98AFF5425CCA41B0068BDD4 /* Models */,
				E98AFF5325CCA4020068BDD4 /* Views */,
				E98AFF5225CCA3DE0068BDD4 /* Controllers */,
				E98AFF1925CCA34C0068BDD4 /* AppDelegate.swift */,
				E98AFF1B25CCA34C0068BDD4 /* SceneDelegate.swift */,
				E98AFF2525CCA34F0068BDD4 /* Assets.xcassets */,
				E98AFF2A25CCA3500068BDD4 /* Info.plist */,
				E98AFF2225CCA34C0068BDD4 /* Pokedex.xcdatamodeld */,
			);
			path = Pokedex;
			sourceTree = "<group>";
		};
		E98AFF3225CCA3500068BDD4 /* PokedexTests */ = {
			isa = PBXGroup;
			children = (
				E98AFF3325CCA3500068BDD4 /* PokedexTests.swift */,
				E98AFF3525CCA3500068BDD4 /* Info.plist */,
			);
			path = PokedexTests;
			sourceTree = "<group>";
		};
		E98AFF3D25CCA3500068BDD4 /* PokedexUITests */ = {
			isa = PBXGroup;
			children = (
				E98AFF3E25CCA3500068BDD4 /* PokedexUITests.swift */,
				E98AFF4025CCA3500068BDD4 /* Info.plist */,
			);
			path = PokedexUITests;
			sourceTree = "<group>";
		};
		E98AFF5225CCA3DE0068BDD4 /* Controllers */ = {
			isa = PBXGroup;
			children = (
				E98AFF5A25CCA6290068BDD4 /* PokemonListViewController.swift */,
				E98AFF5F25CCA75B0068BDD4 /* PokemonListController.swift */,
				E98AFF6C25CCA7E60068BDD4 /* PokemonDetailViewController.swift */,
			);
			path = Controllers;
			sourceTree = "<group>";
		};
		E98AFF5325CCA4020068BDD4 /* Views */ = {
			isa = PBXGroup;
			children = (
				E98AFF1F25CCA34C0068BDD4 /* Main.storyboard */,
				E98AFF2725CCA34F0068BDD4 /* LaunchScreen.storyboard */,
				E98AFF5525CCA4260068BDD4 /* Cells */,
			);
			path = Views;
			sourceTree = "<group>";
		};
		E98AFF5425CCA41B0068BDD4 /* Models */ = {
			isa = PBXGroup;
			children = (
				E98AFF5925CCA4930068BDD4 /* JSON */,
				E98AFF5825CCA4750068BDD4 /* DataLoaders */,
				E98AFF8025CCA9120068BDD4 /* DataLoader.swift */,
			);
			path = Models;
			sourceTree = "<group>";
		};
		E98AFF5525CCA4260068BDD4 /* Cells */ = {
			isa = PBXGroup;
			children = (
				E98AFF5725CCA4570068BDD4 /* PokemonDetailCells */,
				E98AFF5625CCA43A0068BDD4 /* pokemonTableViewCells */,
			);
			path = Cells;
			sourceTree = "<group>";
		};
		E98AFF5625CCA43A0068BDD4 /* pokemonTableViewCells */ = {
			isa = PBXGroup;
			children = (
				E98AFF7125CCA8530068BDD4 /* PokemonTableViewCell.swift */,
			);
			path = pokemonTableViewCells;
			sourceTree = "<group>";
		};
		E98AFF5725CCA4570068BDD4 /* PokemonDetailCells */ = {
			isa = PBXGroup;
			children = (
				E98AFF7625CCA8B90068BDD4 /* PokemonNameTableViewCell.swift */,
				E98AFF7B25CCA8E80068BDD4 /* PokemonTypeTableViewCell.swift */,
			);
			path = PokemonDetailCells;
			sourceTree = "<group>";
		};
		E98AFF5825CCA4750068BDD4 /* DataLoaders */ = {
			isa = PBXGroup;
			children = (
				E98AFF8525CCA9480068BDD4 /* PokemonOperations.swift */,
			);
			path = DataLoaders;
			sourceTree = "<group>";
		};
		E98AFF5925CCA4930068BDD4 /* JSON */ = {
			isa = PBXGroup;
			children = (
				E98AFF8A25CCA98A0068BDD4 /* Pokemon.swift */,
				E98AFF8F25CCA9B00068BDD4 /* Pokemons.swift */,
				E98AFF9425CCA9D40068BDD4 /* PokemonType.swift */,
				E98AFF9925CCA9ED0068BDD4 /* PokemonMove.swift */,
			);
			path = JSON;
			sourceTree = "<group>";
		};
/* End PBXGroup section */

/* Begin PBXNativeTarget section */
		E98AFF1525CCA34C0068BDD4 /* Pokedex */ = {
			isa = PBXNativeTarget;
			buildConfigurationList = E98AFF4325CCA3500068BDD4 /* Build configuration list for PBXNativeTarget "Pokedex" */;
			buildPhases = (
				E98AFF1225CCA34C0068BDD4 /* Sources */,
				E98AFF1325CCA34C0068BDD4 /* Frameworks */,
				E98AFF1425CCA34C0068BDD4 /* Resources */,
			);
			buildRules = (
			);
			dependencies = (
			);
			name = Pokedex;
			productName = Pokedex;
			productReference = E98AFF1625CCA34C0068BDD4 /* Pokedex.app */;
			productType = "com.apple.product-type.application";
		};
		E98AFF2E25CCA3500068BDD4 /* PokedexTests */ = {
			isa = PBXNativeTarget;
			buildConfigurationList = E98AFF4625CCA3500068BDD4 /* Build configuration list for PBXNativeTarget "PokedexTests" */;
			buildPhases = (
				E98AFF2B25CCA3500068BDD4 /* Sources */,
				E98AFF2C25CCA3500068BDD4 /* Frameworks */,
				E98AFF2D25CCA3500068BDD4 /* Resources */,
			);
			buildRules = (
			);
			dependencies = (
				E98AFF3125CCA3500068BDD4 /* PBXTargetDependency */,
			);
			name = PokedexTests;
			productName = PokedexTests;
			productReference = E98AFF2F25CCA3500068BDD4 /* PokedexTests.xctest */;
			productType = "com.apple.product-type.bundle.unit-test";
		};
		E98AFF3925CCA3500068BDD4 /* PokedexUITests */ = {
			isa = PBXNativeTarget;
			buildConfigurationList = E98AFF4925CCA3500068BDD4 /* Build configuration list for PBXNativeTarget "PokedexUITests" */;
			buildPhases = (
				E98AFF3625CCA3500068BDD4 /* Sources */,
				E98AFF3725CCA3500068BDD4 /* Frameworks */,
				E98AFF3825CCA3500068BDD4 /* Resources */,
			);
			buildRules = (
			);
			dependencies = (
				E98AFF3C25CCA3500068BDD4 /* PBXTargetDependency */,
			);
			name = PokedexUITests;
			productName = PokedexUITests;
			productReference = E98AFF3A25CCA3500068BDD4 /* PokedexUITests.xctest */;
			productType = "com.apple.product-type.bundle.ui-testing";
		};
/* End PBXNativeTarget section */

/* Begin PBXProject section */
		E98AFF0E25CCA34C0068BDD4 /* Project object */ = {
			isa = PBXProject;
			attributes = {
				LastSwiftUpdateCheck = 1230;
				LastUpgradeCheck = 1230;
				TargetAttributes = {
					E98AFF1525CCA34C0068BDD4 = {
						CreatedOnToolsVersion = 12.3;
					};
					E98AFF2E25CCA3500068BDD4 = {
						CreatedOnToolsVersion = 12.3;
						TestTargetID = E98AFF1525CCA34C0068BDD4;
					};
					E98AFF3925CCA3500068BDD4 = {
						CreatedOnToolsVersion = 12.3;
						TestTargetID = E98AFF1525CCA34C0068BDD4;
					};
				};
			};
			buildConfigurationList = E98AFF1125CCA34C0068BDD4 /* Build configuration list for PBXProject "Pokedex" */;
			compatibilityVersion = "Xcode 9.3";
			developmentRegion = en;
			hasScannedForEncodings = 0;
			knownRegions = (
				en,
				Base,
			);
			mainGroup = E98AFF0D25CCA34C0068BDD4;
			productRefGroup = E98AFF1725CCA34C0068BDD4 /* Products */;
			projectDirPath = "";
			projectRoot = "";
			targets = (
				E98AFF1525CCA34C0068BDD4 /* Pokedex */,
				E98AFF2E25CCA3500068BDD4 /* PokedexTests */,
				E98AFF3925CCA3500068BDD4 /* PokedexUITests */,
			);
		};
/* End PBXProject section */

/* Begin PBXResourcesBuildPhase section */
		E98AFF1425CCA34C0068BDD4 /* Resources */ = {
			isa = PBXResourcesBuildPhase;
			buildActionMask = 2147483647;
			files = (
				E98AFF2925CCA34F0068BDD4 /* LaunchScreen.storyboard in Resources */,
				E98AFF2625CCA34F0068BDD4 /* Assets.xcassets in Resources */,
				E98AFF2125CCA34C0068BDD4 /* Main.storyboard in Resources */,
			);
			runOnlyForDeploymentPostprocessing = 0;
		};
		E98AFF2D25CCA3500068BDD4 /* Resources */ = {
			isa = PBXResourcesBuildPhase;
			buildActionMask = 2147483647;
			files = (
			);
			runOnlyForDeploymentPostprocessing = 0;
		};
		E98AFF3825CCA3500068BDD4 /* Resources */ = {
			isa = PBXResourcesBuildPhase;
			buildActionMask = 2147483647;
			files = (
			);
			runOnlyForDeploymentPostprocessing = 0;
		};
/* End PBXResourcesBuildPhase section */

/* Begin PBXSourcesBuildPhase section */
		E98AFF1225CCA34C0068BDD4 /* Sources */ = {
			isa = PBXSourcesBuildPhase;
			buildActionMask = 2147483647;
			files = (
				E98AFF8125CCA9120068BDD4 /* DataLoader.swift in Sources */,
				E98AFF2425CCA34C0068BDD4 /* Pokedex.xcdatamodeld in Sources */,
				E98AFF7225CCA8530068BDD4 /* PokemonTableViewCell.swift in Sources */,
				E98AFF9025CCA9B00068BDD4 /* Pokemons.swift in Sources */,
				E98AFF6025CCA75B0068BDD4 /* PokemonListController.swift in Sources */,
				E98AFF1A25CCA34C0068BDD4 /* AppDelegate.swift in Sources */,
				E98AFF8B25CCA98A0068BDD4 /* Pokemon.swift in Sources */,
				E98AFF5B25CCA6290068BDD4 /* PokemonListViewController.swift in Sources */,
				E98AFF1C25CCA34C0068BDD4 /* SceneDelegate.swift in Sources */,
				E98AFF9A25CCA9ED0068BDD4 /* PokemonMove.swift in Sources */,
				E98AFF7725CCA8B90068BDD4 /* PokemonNameTableViewCell.swift in Sources */,
				E98AFF6D25CCA7E60068BDD4 /* PokemonDetailViewController.swift in Sources */,
				E98AFF8625CCA9480068BDD4 /* PokemonOperations.swift in Sources */,
				E98AFF7C25CCA8E80068BDD4 /* PokemonTypeTableViewCell.swift in Sources */,
				E98AFF9525CCA9D40068BDD4 /* PokemonType.swift in Sources */,
			);
			runOnlyForDeploymentPostprocessing = 0;
		};
		E98AFF2B25CCA3500068BDD4 /* Sources */ = {
			isa = PBXSourcesBuildPhase;
			buildActionMask = 2147483647;
			files = (
				E98AFF3425CCA3500068BDD4 /* PokedexTests.swift in Sources */,
			);
			runOnlyForDeploymentPostprocessing = 0;
		};
		E98AFF3625CCA3500068BDD4 /* Sources */ = {
			isa = PBXSourcesBuildPhase;
			buildActionMask = 2147483647;
			files = (
				E98AFF3F25CCA3500068BDD4 /* PokedexUITests.swift in Sources */,
			);
			runOnlyForDeploymentPostprocessing = 0;
		};
/* End PBXSourcesBuildPhase section */

/* Begin PBXTargetDependency section */
		E98AFF3125CCA3500068BDD4 /* PBXTargetDependency */ = {
			isa = PBXTargetDependency;
			target = E98AFF1525CCA34C0068BDD4 /* Pokedex */;
			targetProxy = E98AFF3025CCA3500068BDD4 /* PBXContainerItemProxy */;
		};
		E98AFF3C25CCA3500068BDD4 /* PBXTargetDependency */ = {
			isa = PBXTargetDependency;
			target = E98AFF1525CCA34C0068BDD4 /* Pokedex */;
			targetProxy = E98AFF3B25CCA3500068BDD4 /* PBXContainerItemProxy */;
		};
/* End PBXTargetDependency section */

/* Begin PBXVariantGroup section */
		E98AFF1F25CCA34C0068BDD4 /* Main.storyboard */ = {
			isa = PBXVariantGroup;
			children = (
				E98AFF2025CCA34C0068BDD4 /* Base */,
			);
			name = Main.storyboard;
			sourceTree = "<group>";
		};
		E98AFF2725CCA34F0068BDD4 /* LaunchScreen.storyboard */ = {
			isa = PBXVariantGroup;
			children = (
				E98AFF2825CCA34F0068BDD4 /* Base */,
			);
			name = LaunchScreen.storyboard;
			sourceTree = "<group>";
		};
/* End PBXVariantGroup section */

/* Begin XCBuildConfiguration section */
		E98AFF4125CCA3500068BDD4 /* Debug */ = {
			isa = XCBuildConfiguration;
			buildSettings = {
				ALWAYS_SEARCH_USER_PATHS = NO;
				CLANG_ANALYZER_NONNULL = YES;
				CLANG_ANALYZER_NUMBER_OBJECT_CONVERSION = YES_AGGRESSIVE;
				CLANG_CXX_LANGUAGE_STANDARD = "gnu++14";
				CLANG_CXX_LIBRARY = "libc++";
				CLANG_ENABLE_MODULES = YES;
				CLANG_ENABLE_OBJC_ARC = YES;
				CLANG_ENABLE_OBJC_WEAK = YES;
				CLANG_WARN_BLOCK_CAPTURE_AUTORELEASING = YES;
				CLANG_WARN_BOOL_CONVERSION = YES;
				CLANG_WARN_COMMA = YES;
				CLANG_WARN_CONSTANT_CONVERSION = YES;
				CLANG_WARN_DEPRECATED_OBJC_IMPLEMENTATIONS = YES;
				CLANG_WARN_DIRECT_OBJC_ISA_USAGE = YES_ERROR;
				CLANG_WARN_DOCUMENTATION_COMMENTS = YES;
				CLANG_WARN_EMPTY_BODY = YES;
				CLANG_WARN_ENUM_CONVERSION = YES;
				CLANG_WARN_INFINITE_RECURSION = YES;
				CLANG_WARN_INT_CONVERSION = YES;
				CLANG_WARN_NON_LITERAL_NULL_CONVERSION = YES;
				CLANG_WARN_OBJC_IMPLICIT_RETAIN_SELF = YES;
				CLANG_WARN_OBJC_LITERAL_CONVERSION = YES;
				CLANG_WARN_OBJC_ROOT_CLASS = YES_ERROR;
				CLANG_WARN_QUOTED_INCLUDE_IN_FRAMEWORK_HEADER = YES;
				CLANG_WARN_RANGE_LOOP_ANALYSIS = YES;
				CLANG_WARN_STRICT_PROTOTYPES = YES;
				CLANG_WARN_SUSPICIOUS_MOVE = YES;
				CLANG_WARN_UNGUARDED_AVAILABILITY = YES_AGGRESSIVE;
				CLANG_WARN_UNREACHABLE_CODE = YES;
				CLANG_WARN__DUPLICATE_METHOD_MATCH = YES;
				COPY_PHASE_STRIP = NO;
				DEBUG_INFORMATION_FORMAT = dwarf;
				ENABLE_STRICT_OBJC_MSGSEND = YES;
				ENABLE_TESTABILITY = YES;
				GCC_C_LANGUAGE_STANDARD = gnu11;
				GCC_DYNAMIC_NO_PIC = NO;
				GCC_NO_COMMON_BLOCKS = YES;
				GCC_OPTIMIZATION_LEVEL = 0;
				GCC_PREPROCESSOR_DEFINITIONS = (
					"DEBUG=1",
					"$(inherited)",
				);
				GCC_WARN_64_TO_32_BIT_CONVERSION = YES;
				GCC_WARN_ABOUT_RETURN_TYPE = YES_ERROR;
				GCC_WARN_UNDECLARED_SELECTOR = YES;
				GCC_WARN_UNINITIALIZED_AUTOS = YES_AGGRESSIVE;
				GCC_WARN_UNUSED_FUNCTION = YES;
				GCC_WARN_UNUSED_VARIABLE = YES;
				IPHONEOS_DEPLOYMENT_TARGET = 14.3;
				MTL_ENABLE_DEBUG_INFO = INCLUDE_SOURCE;
				MTL_FAST_MATH = YES;
				ONLY_ACTIVE_ARCH = YES;
				SDKROOT = iphoneos;
				SWIFT_ACTIVE_COMPILATION_CONDITIONS = DEBUG;
				SWIFT_OPTIMIZATION_LEVEL = "-Onone";
			};
			name = Debug;
		};
		E98AFF4225CCA3500068BDD4 /* Release */ = {
			isa = XCBuildConfiguration;
			buildSettings = {
				ALWAYS_SEARCH_USER_PATHS = NO;
				CLANG_ANALYZER_NONNULL = YES;
				CLANG_ANALYZER_NUMBER_OBJECT_CONVERSION = YES_AGGRESSIVE;
				CLANG_CXX_LANGUAGE_STANDARD = "gnu++14";
				CLANG_CXX_LIBRARY = "libc++";
				CLANG_ENABLE_MODULES = YES;
				CLANG_ENABLE_OBJC_ARC = YES;
				CLANG_ENABLE_OBJC_WEAK = YES;
				CLANG_WARN_BLOCK_CAPTURE_AUTORELEASING = YES;
				CLANG_WARN_BOOL_CONVERSION = YES;
				CLANG_WARN_COMMA = YES;
				CLANG_WARN_CONSTANT_CONVERSION = YES;
				CLANG_WARN_DEPRECATED_OBJC_IMPLEMENTATIONS = YES;
				CLANG_WARN_DIRECT_OBJC_ISA_USAGE = YES_ERROR;
				CLANG_WARN_DOCUMENTATION_COMMENTS = YES;
				CLANG_WARN_EMPTY_BODY = YES;
				CLANG_WARN_ENUM_CONVERSION = YES;
				CLANG_WARN_INFINITE_RECURSION = YES;
				CLANG_WARN_INT_CONVERSION = YES;
				CLANG_WARN_NON_LITERAL_NULL_CONVERSION = YES;
				CLANG_WARN_OBJC_IMPLICIT_RETAIN_SELF = YES;
				CLANG_WARN_OBJC_LITERAL_CONVERSION = YES;
				CLANG_WARN_OBJC_ROOT_CLASS = YES_ERROR;
				CLANG_WARN_QUOTED_INCLUDE_IN_FRAMEWORK_HEADER = YES;
				CLANG_WARN_RANGE_LOOP_ANALYSIS = YES;
				CLANG_WARN_STRICT_PROTOTYPES = YES;
				CLANG_WARN_SUSPICIOUS_MOVE = YES;
				CLANG_WARN_UNGUARDED_AVAILABILITY = YES_AGGRESSIVE;
				CLANG_WARN_UNREACHABLE_CODE = YES;
				CLANG_WARN__DUPLICATE_METHOD_MATCH = YES;
				COPY_PHASE_STRIP = NO;
				DEBUG_INFORMATION_FORMAT = "dwarf-with-dsym";
				ENABLE_NS_ASSERTIONS = NO;
				ENABLE_STRICT_OBJC_MSGSEND = YES;
				GCC_C_LANGUAGE_STANDARD = gnu11;
				GCC_NO_COMMON_BLOCKS = YES;
				GCC_WARN_64_TO_32_BIT_CONVERSION = YES;
				GCC_WARN_ABOUT_RETURN_TYPE = YES_ERROR;
				GCC_WARN_UNDECLARED_SELECTOR = YES;
				GCC_WARN_UNINITIALIZED_AUTOS = YES_AGGRESSIVE;
				GCC_WARN_UNUSED_FUNCTION = YES;
				GCC_WARN_UNUSED_VARIABLE = YES;
				IPHONEOS_DEPLOYMENT_TARGET = 14.3;
				MTL_ENABLE_DEBUG_INFO = NO;
				MTL_FAST_MATH = YES;
				SDKROOT = iphoneos;
				SWIFT_COMPILATION_MODE = wholemodule;
				SWIFT_OPTIMIZATION_LEVEL = "-O";
				VALIDATE_PRODUCT = YES;
			};
			name = Release;
		};
		E98AFF4425CCA3500068BDD4 /* Debug */ = {
			isa = XCBuildConfiguration;
			buildSettings = {
				ASSETCATALOG_COMPILER_APPICON_NAME = AppIcon;
				ASSETCATALOG_COMPILER_GLOBAL_ACCENT_COLOR_NAME = AccentColor;
				CODE_SIGN_STYLE = Automatic;
				DEVELOPMENT_TEAM = 69VMC86YYY;
				INFOPLIST_FILE = Pokedex/Info.plist;
				LD_RUNPATH_SEARCH_PATHS = (
					"$(inherited)",
					"@executable_path/Frameworks",
				);
				PRODUCT_BUNDLE_IDENTIFIER = fr.steve.bernard.Pokedex;
				PRODUCT_NAME = "$(TARGET_NAME)";
				SWIFT_VERSION = 5.0;
				TARGETED_DEVICE_FAMILY = "1,2";
			};
			name = Debug;
		};
		E98AFF4525CCA3500068BDD4 /* Release */ = {
			isa = XCBuildConfiguration;
			buildSettings = {
				ASSETCATALOG_COMPILER_APPICON_NAME = AppIcon;
				ASSETCATALOG_COMPILER_GLOBAL_ACCENT_COLOR_NAME = AccentColor;
				CODE_SIGN_STYLE = Automatic;
				DEVELOPMENT_TEAM = 69VMC86YYY;
				INFOPLIST_FILE = Pokedex/Info.plist;
				LD_RUNPATH_SEARCH_PATHS = (
					"$(inherited)",
					"@executable_path/Frameworks",
				);
				PRODUCT_BUNDLE_IDENTIFIER = fr.steve.bernard.Pokedex;
				PRODUCT_NAME = "$(TARGET_NAME)";
				SWIFT_VERSION = 5.0;
				TARGETED_DEVICE_FAMILY = "1,2";
			};
			name = Release;
		};
		E98AFF4725CCA3500068BDD4 /* Debug */ = {
			isa = XCBuildConfiguration;
			buildSettings = {
				ALWAYS_EMBED_SWIFT_STANDARD_LIBRARIES = YES;
				BUNDLE_LOADER = "$(TEST_HOST)";
				CODE_SIGN_STYLE = Automatic;
				DEVELOPMENT_TEAM = 69VMC86YYY;
				INFOPLIST_FILE = PokedexTests/Info.plist;
				IPHONEOS_DEPLOYMENT_TARGET = 14.3;
				LD_RUNPATH_SEARCH_PATHS = (
					"$(inherited)",
					"@executable_path/Frameworks",
					"@loader_path/Frameworks",
				);
				PRODUCT_BUNDLE_IDENTIFIER = fr.steve.bernard.PokedexTests;
				PRODUCT_NAME = "$(TARGET_NAME)";
				SWIFT_VERSION = 5.0;
				TARGETED_DEVICE_FAMILY = "1,2";
				TEST_HOST = "$(BUILT_PRODUCTS_DIR)/Pokedex.app/Pokedex";
			};
			name = Debug;
		};
		E98AFF4825CCA3500068BDD4 /* Release */ = {
			isa = XCBuildConfiguration;
			buildSettings = {
				ALWAYS_EMBED_SWIFT_STANDARD_LIBRARIES = YES;
				BUNDLE_LOADER = "$(TEST_HOST)";
				CODE_SIGN_STYLE = Automatic;
				DEVELOPMENT_TEAM = 69VMC86YYY;
				INFOPLIST_FILE = PokedexTests/Info.plist;
				IPHONEOS_DEPLOYMENT_TARGET = 14.3;
				LD_RUNPATH_SEARCH_PATHS = (
					"$(inherited)",
					"@executable_path/Frameworks",
					"@loader_path/Frameworks",
				);
				PRODUCT_BUNDLE_IDENTIFIER = fr.steve.bernard.PokedexTests;
				PRODUCT_NAME = "$(TARGET_NAME)";
				SWIFT_VERSION = 5.0;
				TARGETED_DEVICE_FAMILY = "1,2";
				TEST_HOST = "$(BUILT_PRODUCTS_DIR)/Pokedex.app/Pokedex";
			};
			name = Release;
		};
		E98AFF4A25CCA3500068BDD4 /* Debug */ = {
			isa = XCBuildConfiguration;
			buildSettings = {
				ALWAYS_EMBED_SWIFT_STANDARD_LIBRARIES = YES;
				CODE_SIGN_STYLE = Automatic;
				DEVELOPMENT_TEAM = 69VMC86YYY;
				INFOPLIST_FILE = PokedexUITests/Info.plist;
				LD_RUNPATH_SEARCH_PATHS = (
					"$(inherited)",
					"@executable_path/Frameworks",
					"@loader_path/Frameworks",
				);
				PRODUCT_BUNDLE_IDENTIFIER = fr.steve.bernard.PokedexUITests;
				PRODUCT_NAME = "$(TARGET_NAME)";
				SWIFT_VERSION = 5.0;
				TARGETED_DEVICE_FAMILY = "1,2";
				TEST_TARGET_NAME = Pokedex;
			};
			name = Debug;
		};
		E98AFF4B25CCA3500068BDD4 /* Release */ = {
			isa = XCBuildConfiguration;
			buildSettings = {
				ALWAYS_EMBED_SWIFT_STANDARD_LIBRARIES = YES;
				CODE_SIGN_STYLE = Automatic;
				DEVELOPMENT_TEAM = 69VMC86YYY;
				INFOPLIST_FILE = PokedexUITests/Info.plist;
				LD_RUNPATH_SEARCH_PATHS = (
					"$(inherited)",
					"@executable_path/Frameworks",
					"@loader_path/Frameworks",
				);
				PRODUCT_BUNDLE_IDENTIFIER = fr.steve.bernard.PokedexUITests;
				PRODUCT_NAME = "$(TARGET_NAME)";
				SWIFT_VERSION = 5.0;
				TARGETED_DEVICE_FAMILY = "1,2";
				TEST_TARGET_NAME = Pokedex;
			};
			name = Release;
		};
/* End XCBuildConfiguration section */

/* Begin XCConfigurationList section */
		E98AFF1125CCA34C0068BDD4 /* Build configuration list for PBXProject "Pokedex" */ = {
			isa = XCConfigurationList;
			buildConfigurations = (
				E98AFF4125CCA3500068BDD4 /* Debug */,
				E98AFF4225CCA3500068BDD4 /* Release */,
			);
			defaultConfigurationIsVisible = 0;
			defaultConfigurationName = Release;
		};
		E98AFF4325CCA3500068BDD4 /* Build configuration list for PBXNativeTarget "Pokedex" */ = {
			isa = XCConfigurationList;
			buildConfigurations = (
				E98AFF4425CCA3500068BDD4 /* Debug */,
				E98AFF4525CCA3500068BDD4 /* Release */,
			);
			defaultConfigurationIsVisible = 0;
			defaultConfigurationName = Release;
		};
		E98AFF4625CCA3500068BDD4 /* Build configuration list for PBXNativeTarget "PokedexTests" */ = {
			isa = XCConfigurationList;
			buildConfigurations = (
				E98AFF4725CCA3500068BDD4 /* Debug */,
				E98AFF4825CCA3500068BDD4 /* Release */,
			);
			defaultConfigurationIsVisible = 0;
			defaultConfigurationName = Release;
		};
		E98AFF4925CCA3500068BDD4 /* Build configuration list for PBXNativeTarget "PokedexUITests" */ = {
			isa = XCConfigurationList;
			buildConfigurations = (
				E98AFF4A25CCA3500068BDD4 /* Debug */,
				E98AFF4B25CCA3500068BDD4 /* Release */,
			);
			defaultConfigurationIsVisible = 0;
			defaultConfigurationName = Release;
		};
/* End XCConfigurationList section */

/* Begin XCVersionGroup section */
		E98AFF2225CCA34C0068BDD4 /* Pokedex.xcdatamodeld */ = {
			isa = XCVersionGroup;
			children = (
				E98AFF2325CCA34C0068BDD4 /* Pokedex.xcdatamodel */,
			);
			currentVersion = E98AFF2325CCA34C0068BDD4 /* Pokedex.xcdatamodel */;
			path = Pokedex.xcdatamodeld;
			sourceTree = "<group>";
			versionGroupType = wrapper.xcdatamodel;
		};
/* End XCVersionGroup section */
	};
	rootObject = E98AFF0E25CCA34C0068BDD4 /* Project object */;
}
